Microsoft Visual Studio Solution File, Format Version 12.00
# Visual Studio 2012
Project("{FAE04EC0-301F-11D3-BF4B-00C04F79EFBC}") = "2Dungeon", "2Dungeon.csproj", "{C824DED3-9420-4BDB-B225-BA67DBBFF1DA}"
EndProject
Global
	GlobalSection(SolutionConfigurationPlatforms) = preSolution
	Debug|Any CPU = Debug|Any CPU
	ExportDebug|Any CPU = ExportDebug|Any CPU
	ExportRelease|Any CPU = ExportRelease|Any CPU
	EndGlobalSection
	GlobalSection(ProjectConfigurationPlatforms) = postSolution
		{C824DED3-9420-4BDB-B225-BA67DBBFF1DA}.Debug|Any CPU.ActiveCfg = Debug|Any CPU
		{C824DED3-9420-4BDB-B225-BA67DBBFF1DA}.Debug|Any CPU.Build.0 = Debug|Any CPU
		{C824DED3-9420-4BDB-B225-BA67DBBFF1DA}.ExportDebug|Any CPU.ActiveCfg = ExportDebug|Any CPU
		{C824DED3-9420-4BDB-B225-BA67DBBFF1DA}.ExportDebug|Any CPU.Build.0 = ExportDebug|Any CPU
		{C824DED3-9420-4BDB-B225-BA67DBBFF1DA}.ExportRelease|Any CPU.ActiveCfg = ExportRelease|Any CPU
		{C824DED3-9420-4BDB-B225-BA67DBBFF1DA}.ExportRelease|Any CPU.Build.0 = ExportRelease|Any CPU
	EndGlobalSection
EndGlobal
